
Microsoft Visual Studio Solution File, Format Version 12.00
Project("{FAE04EC0-301F-11D3-BF4B-00C04F79EFBC}") = "Teamcity Test", "Teamcity Test\Teamcity Test.csproj", "{075435A2-9FE2-4D8E-90BB-9EE4B7F8D5BA}"
EndProject
Global
	GlobalSection(SolutionConfigurationPlatforms) = preSolution
		Debug|Any CPU = Debug|Any CPU
		Release|Any CPU = Release|Any CPU
	EndGlobalSection
	GlobalSection(ProjectConfigurationPlatforms) = postSolution
		{075435A2-9FE2-4D8E-90BB-9EE4B7F8D5BA}.Debug|Any CPU.ActiveCfg = Debug|Any CPU
		{075435A2-9FE2-4D8E-90BB-9EE4B7F8D5BA}.Debug|Any CPU.Build.0 = Debug|Any CPU
		{075435A2-9FE2-4D8E-90BB-9EE4B7F8D5BA}.Release|Any CPU.ActiveCfg = Release|Any CPU
		{075435A2-9FE2-4D8E-90BB-9EE4B7F8D5BA}.Release|Any CPU.Build.0 = Release|Any CPU
	EndGlobalSection
EndGlobal
